
Microsoft Visual Studio Solution File, Format Version 12.00
# Visual Studio Version 17
VisualStudioVersion = 17.0.31612.314
MinimumVisualStudioVersion = 10.0.40219.1
Project("{9A19103F-16F7-4668-BE54-9A1E7A4F7556}") = "Candidate.ConsoleApp", "Candidate.ConsoleApp\Candidate.ConsoleApp.csproj", "{AEEBAE2B-0752-4D3B-83C1-349C51629646}"
EndProject
Project("{2150E333-8FDC-42A3-9474-1A3956D46DE8}") = "Solution Items", "Solution Items", "{CAAA997E-AF71-4011-AC98-AA3E0ADC95E8}"
	ProjectSection(SolutionItems) = preProject
		.editorconfig = .editorconfig
	EndProjectSection
EndProject
Project("{FAE04EC0-301F-11D3-BF4B-00C04F79EFBC}") = "Candidate.Tests.Unit", "Candidate.Tests.Unit\Candidate.Tests.Unit.csproj", "{E65AA3AA-A762-4951-AF25-E0C251237172}"
EndProject
Global
	GlobalSection(SolutionConfigurationPlatforms) = preSolution
		Debug|Any CPU = Debug|Any CPU
		Release|Any CPU = Release|Any CPU
	EndGlobalSection
	GlobalSection(ProjectConfigurationPlatforms) = postSolution
		{AEEBAE2B-0752-4D3B-83C1-349C51629646}.Debug|Any CPU.ActiveCfg = Debug|Any CPU
		{AEEBAE2B-0752-4D3B-83C1-349C51629646}.Debug|Any CPU.Build.0 = Debug|Any CPU
		{AEEBAE2B-0752-4D3B-83C1-349C51629646}.Release|Any CPU.ActiveCfg = Release|Any CPU
		{AEEBAE2B-0752-4D3B-83C1-349C51629646}.Release|Any CPU.Build.0 = Release|Any CPU
		{E65AA3AA-A762-4951-AF25-E0C251237172}.Debug|Any CPU.ActiveCfg = Debug|Any CPU
		{E65AA3AA-A762-4951-AF25-E0C251237172}.Debug|Any CPU.Build.0 = Debug|Any CPU
		{E65AA3AA-A762-4951-AF25-E0C251237172}.Release|Any CPU.ActiveCfg = Release|Any CPU
		{E65AA3AA-A762-4951-AF25-E0C251237172}.Release|Any CPU.Build.0 = Release|Any CPU
	EndGlobalSection
	GlobalSection(SolutionProperties) = preSolution
		HideSolutionNode = FALSE
	EndGlobalSection
	GlobalSection(ExtensibilityGlobals) = postSolution
		SolutionGuid = {947D12C6-796F-4F4B-A7B4-AC3506F6A551}
	EndGlobalSection
EndGlobal
